{
  "name": "goodshow",
  "version": "0.1.0",
  "lockfileVersion": 1,
  "requires": true,
  "dependencies": {
    "object-assign": {
      "version": "4.1.1",
      "resolved": "https://registry.npmjs.org/object-assign/-/object-assign-4.1.1.tgz",
      "integrity": "sha1-IQmtx5ZYh8/AXLvUQsrIv7s2CGM="
    },
    "pixi-filters": {
      "version": "2.0.2",
      "resolved": "https://registry.npmjs.org/pixi-filters/-/pixi-filters-2.0.2.tgz",
      "integrity": "sha1-Ql3pacR/WDl6IrYN8uversclN3g="
    },
    "shifty": {
      "version": "2.1.1",
      "resolved": "https://registry.npmjs.org/shifty/-/shifty-2.1.1.tgz",
      "integrity": "sha1-KEE8SjW28fGFNzJQzgD9UiTVspg=",
      "requires": {
        "object-assign": "4.1.1"
      }
    }
  }
}
